
Microsoft Visual Studio Solution File, Format Version 12.00
# Visual Studio Version 16
VisualStudioVersion = 16.0.30621.155
MinimumVisualStudioVersion = 15.0.26124.0
Project("{9A19103F-16F7-4668-BE54-9A1E7A4F7556}") = "Risk.Api", "Risk.Api\Risk.Api.csproj", "{9D3F43DF-6BB9-4125-B3B3-C52441A24262}"
EndProject
Project("{9A19103F-16F7-4668-BE54-9A1E7A4F7556}") = "Risk.Game", "Risk.Game\Risk.Game.csproj", "{67079EDB-D314-44FD-A4D0-6DD961A41D8B}"
EndProject
Project("{9A19103F-16F7-4668-BE54-9A1E7A4F7556}") = "Risk.SampleClient", "Risk.SampleClient\Risk.SampleClient.csproj", "{0A5F4EEF-D01F-43F8-B44C-F3157E156413}"
EndProject
Project("{9A19103F-16F7-4668-BE54-9A1E7A4F7556}") = "Risk.Shared", "Risk.Shared\Risk.Shared.csproj", "{2A367AB4-1F99-4C54-A7BD-31E6E38F41E1}"
EndProject
Project("{9A19103F-16F7-4668-BE54-9A1E7A4F7556}") = "Risk.Tests", "Risk.Tests\Risk.Tests.csproj", "{74EDEB2E-0689-4A35-BFA9-F0822FF1F421}"
EndProject
Project("{2150E333-8FDC-42A3-9474-1A3956D46DE8}") = "Solution Items", "Solution Items", "{CEE439EB-4561-4365-A6F9-36F88014AA0A}"
	ProjectSection(SolutionItems) = preProject
		.editorconfig = .editorconfig
	EndProjectSection
EndProject
Project("{9A19103F-16F7-4668-BE54-9A1E7A4F7556}") = "Risk.IntegrationTests", "Risk.IntegrationTests\Risk.IntegrationTests.csproj", "{B7CED318-7A7D-4322-BD20-935FC1BBF07B}"
EndProject
Project("{2150E333-8FDC-42A3-9474-1A3956D46DE8}") = "Clients", "Clients", "{C0AF6589-3B4C-481D-982C-C8B6D87C125C}"
EndProject
Project("{9A19103F-16F7-4668-BE54-9A1E7A4F7556}") = "DJClient", "clients\DJClient\DJClient.csproj", "{41289779-7425-4F69-9E6C-2292C8472BB6}"
EndProject
Project("{2150E333-8FDC-42A3-9474-1A3956D46DE8}") = "DJ_Client", "DJ_Client", "{2F63A6C0-063B-41C2-BAA0-107EB223D84F}"
EndProject
Project("{9A19103F-16F7-4668-BE54-9A1E7A4F7556}") = "DJClient.Test", "DJClient.Test\DJClient.Test.csproj", "{E4B175F1-59C8-4ED6-A317-E924643FD925}"
EndProject
Project("{9A19103F-16F7-4668-BE54-9A1E7A4F7556}") = "StuartClient", "StuartClient\StuartClient.csproj", "{91BF3914-D831-4EC1-8892-1C0165240FA4}"
EndProject
Project("{9A19103F-16F7-4668-BE54-9A1E7A4F7556}") = "Kaydon'sClient", "Kaydon'sClient\Kaydon'sClient.csproj", "{D95CBDEF-F3AE-497F-8986-E7FCCEF12A1C}"
	ProjectSection(ProjectDependencies) = postProject
		{2A367AB4-1F99-4C54-A7BD-31E6E38F41E1} = {2A367AB4-1F99-4C54-A7BD-31E6E38F41E1}
	EndProjectSection
EndProject
Project("{9A19103F-16F7-4668-BE54-9A1E7A4F7556}") = "Justin_Client", "clients\Justins_Client\Justin_Client\Justin_Client.csproj", "{83CA3C70-C0D0-4B1F-8705-5B9E456E3E25}"
EndProject
Project("{9A19103F-16F7-4668-BE54-9A1E7A4F7556}") = "WyattClient", "WyattClient\WyattClient.csproj", "{3A1C997C-6BDF-41B4-8D65-422AD4794182}"
EndProject
Project("{9A19103F-16F7-4668-BE54-9A1E7A4F7556}") = "Rusty_Client", "Rusty_Client\Rusty_Client.csproj", "{3693342D-A269-4CF0-84B3-E9C77A4EB1E7}"
EndProject
Project("{9A19103F-16F7-4668-BE54-9A1E7A4F7556}") = "TannerClient", "TannerClient\TannerClient.csproj", "{B1F060D0-3DA7-44AA-97B2-D3F5675CDD5F}"
EndProject
Project("{E53339B2-1760-4266-BCC7-CA923CBCF16C}") = "docker-compose", "docker-compose.dcproj", "{9C6C28E3-39CD-4A60-8582-6A3B65E96D14}"
EndProject
Project("{9A19103F-16F7-4668-BE54-9A1E7A4F7556}") = "BrennanClient", "BrennanClient\BrennanClient.csproj", "{B7B4BA2D-6327-424E-9A8B-A1B19CA5F500}"
EndProject
Project("{9A19103F-16F7-4668-BE54-9A1E7A4F7556}") = "Emmanuel_Client", "clients\Emmanuel_Client\Emmanuel_Client.csproj", "{C4C251C0-276A-4D8D-B16B-6CC7B108D858}"
EndProject
Project("{9A19103F-16F7-4668-BE54-9A1E7A4F7556}") = "HMClient", "HMClient\HMClient.csproj", "{C40661D2-82EC-4911-96D9-516888CF2A57}"
EndProject
Project("{9A19103F-16F7-4668-BE54-9A1E7A4F7556}") = "Maksad_Client", "Maksad_Client\Maksad_Client.csproj", "{81EE8610-42AA-4690-BFDD-A2E3D2F297A8}"
EndProject
Project("{FAE04EC0-301F-11D3-BF4B-00C04F79EFBC}") = "DJVisualizer", "..\DJVisualizer\DJVisualizer.csproj", "{B9E1CF4D-1C7B-4F03-8D6A-43DC34BE00C8}"
EndProject
Global
	GlobalSection(SolutionConfigurationPlatforms) = preSolution
		Debug|Any CPU = Debug|Any CPU
		Debug|x64 = Debug|x64
		Debug|x86 = Debug|x86
		Release|Any CPU = Release|Any CPU
		Release|x64 = Release|x64
		Release|x86 = Release|x86
	EndGlobalSection
	GlobalSection(ProjectConfigurationPlatforms) = postSolution
		{9D3F43DF-6BB9-4125-B3B3-C52441A24262}.Debug|Any CPU.ActiveCfg = Debug|Any CPU
		{9D3F43DF-6BB9-4125-B3B3-C52441A24262}.Debug|Any CPU.Build.0 = Debug|Any CPU
		{9D3F43DF-6BB9-4125-B3B3-C52441A24262}.Debug|x64.ActiveCfg = Debug|Any CPU
		{9D3F43DF-6BB9-4125-B3B3-C52441A24262}.Debug|x64.Build.0 = Debug|Any CPU
		{9D3F43DF-6BB9-4125-B3B3-C52441A24262}.Debug|x86.ActiveCfg = Debug|Any CPU
		{9D3F43DF-6BB9-4125-B3B3-C52441A24262}.Debug|x86.Build.0 = Debug|Any CPU
		{9D3F43DF-6BB9-4125-B3B3-C52441A24262}.Release|Any CPU.ActiveCfg = Release|Any CPU
		{9D3F43DF-6BB9-4125-B3B3-C52441A24262}.Release|Any CPU.Build.0 = Release|Any CPU
		{9D3F43DF-6BB9-4125-B3B3-C52441A24262}.Release|x64.ActiveCfg = Release|Any CPU
		{9D3F43DF-6BB9-4125-B3B3-C52441A24262}.Release|x64.Build.0 = Release|Any CPU
		{9D3F43DF-6BB9-4125-B3B3-C52441A24262}.Release|x86.ActiveCfg = Release|Any CPU
		{9D3F43DF-6BB9-4125-B3B3-C52441A24262}.Release|x86.Build.0 = Release|Any CPU
		{67079EDB-D314-44FD-A4D0-6DD961A41D8B}.Debug|Any CPU.ActiveCfg = Debug|Any CPU
		{67079EDB-D314-44FD-A4D0-6DD961A41D8B}.Debug|Any CPU.Build.0 = Debug|Any CPU
		{67079EDB-D314-44FD-A4D0-6DD961A41D8B}.Debug|x64.ActiveCfg = Debug|Any CPU
		{67079EDB-D314-44FD-A4D0-6DD961A41D8B}.Debug|x64.Build.0 = Debug|Any CPU
		{67079EDB-D314-44FD-A4D0-6DD961A41D8B}.Debug|x86.ActiveCfg = Debug|Any CPU
		{67079EDB-D314-44FD-A4D0-6DD961A41D8B}.Debug|x86.Build.0 = Debug|Any CPU
		{67079EDB-D314-44FD-A4D0-6DD961A41D8B}.Release|Any CPU.ActiveCfg = Release|Any CPU
		{67079EDB-D314-44FD-A4D0-6DD961A41D8B}.Release|Any CPU.Build.0 = Release|Any CPU
		{67079EDB-D314-44FD-A4D0-6DD961A41D8B}.Release|x64.ActiveCfg = Release|Any CPU
		{67079EDB-D314-44FD-A4D0-6DD961A41D8B}.Release|x64.Build.0 = Release|Any CPU
		{67079EDB-D314-44FD-A4D0-6DD961A41D8B}.Release|x86.ActiveCfg = Release|Any CPU
		{67079EDB-D314-44FD-A4D0-6DD961A41D8B}.Release|x86.Build.0 = Release|Any CPU
		{0A5F4EEF-D01F-43F8-B44C-F3157E156413}.Debug|Any CPU.ActiveCfg = Debug|Any CPU
		{0A5F4EEF-D01F-43F8-B44C-F3157E156413}.Debug|Any CPU.Build.0 = Debug|Any CPU
		{0A5F4EEF-D01F-43F8-B44C-F3157E156413}.Debug|x64.ActiveCfg = Debug|Any CPU
		{0A5F4EEF-D01F-43F8-B44C-F3157E156413}.Debug|x64.Build.0 = Debug|Any CPU
		{0A5F4EEF-D01F-43F8-B44C-F3157E156413}.Debug|x86.ActiveCfg = Debug|Any CPU
		{0A5F4EEF-D01F-43F8-B44C-F3157E156413}.Debug|x86.Build.0 = Debug|Any CPU
		{0A5F4EEF-D01F-43F8-B44C-F3157E156413}.Release|Any CPU.ActiveCfg = Release|Any CPU
		{0A5F4EEF-D01F-43F8-B44C-F3157E156413}.Release|Any CPU.Build.0 = Release|Any CPU
		{0A5F4EEF-D01F-43F8-B44C-F3157E156413}.Release|x64.ActiveCfg = Release|Any CPU
		{0A5F4EEF-D01F-43F8-B44C-F3157E156413}.Release|x64.Build.0 = Release|Any CPU
		{0A5F4EEF-D01F-43F8-B44C-F3157E156413}.Release|x86.ActiveCfg = Release|Any CPU
		{0A5F4EEF-D01F-43F8-B44C-F3157E156413}.Release|x86.Build.0 = Release|Any CPU
		{2A367AB4-1F99-4C54-A7BD-31E6E38F41E1}.Debug|Any CPU.ActiveCfg = Debug|Any CPU
		{2A367AB4-1F99-4C54-A7BD-31E6E38F41E1}.Debug|Any CPU.Build.0 = Debug|Any CPU
		{2A367AB4-1F99-4C54-A7BD-31E6E38F41E1}.Debug|x64.ActiveCfg = Debug|Any CPU
		{2A367AB4-1F99-4C54-A7BD-31E6E38F41E1}.Debug|x64.Build.0 = Debug|Any CPU
		{2A367AB4-1F99-4C54-A7BD-31E6E38F41E1}.Debug|x86.ActiveCfg = Debug|Any CPU
		{2A367AB4-1F99-4C54-A7BD-31E6E38F41E1}.Debug|x86.Build.0 = Debug|Any CPU
		{2A367AB4-1F99-4C54-A7BD-31E6E38F41E1}.Release|Any CPU.ActiveCfg = Release|Any CPU
		{2A367AB4-1F99-4C54-A7BD-31E6E38F41E1}.Release|Any CPU.Build.0 = Release|Any CPU
		{2A367AB4-1F99-4C54-A7BD-31E6E38F41E1}.Release|x64.ActiveCfg = Release|Any CPU
		{2A367AB4-1F99-4C54-A7BD-31E6E38F41E1}.Release|x64.Build.0 = Release|Any CPU
		{2A367AB4-1F99-4C54-A7BD-31E6E38F41E1}.Release|x86.ActiveCfg = Release|Any CPU
		{2A367AB4-1F99-4C54-A7BD-31E6E38F41E1}.Release|x86.Build.0 = Release|Any CPU
		{74EDEB2E-0689-4A35-BFA9-F0822FF1F421}.Debug|Any CPU.ActiveCfg = Debug|Any CPU
		{74EDEB2E-0689-4A35-BFA9-F0822FF1F421}.Debug|Any CPU.Build.0 = Debug|Any CPU
		{74EDEB2E-0689-4A35-BFA9-F0822FF1F421}.Debug|x64.ActiveCfg = Debug|Any CPU
		{74EDEB2E-0689-4A35-BFA9-F0822FF1F421}.Debug|x64.Build.0 = Debug|Any CPU
		{74EDEB2E-0689-4A35-BFA9-F0822FF1F421}.Debug|x86.ActiveCfg = Debug|Any CPU
		{74EDEB2E-0689-4A35-BFA9-F0822FF1F421}.Debug|x86.Build.0 = Debug|Any CPU
		{74EDEB2E-0689-4A35-BFA9-F0822FF1F421}.Release|Any CPU.ActiveCfg = Release|Any CPU
		{74EDEB2E-0689-4A35-BFA9-F0822FF1F421}.Release|Any CPU.Build.0 = Release|Any CPU
		{74EDEB2E-0689-4A35-BFA9-F0822FF1F421}.Release|x64.ActiveCfg = Release|Any CPU
		{74EDEB2E-0689-4A35-BFA9-F0822FF1F421}.Release|x64.Build.0 = Release|Any CPU
		{74EDEB2E-0689-4A35-BFA9-F0822FF1F421}.Release|x86.ActiveCfg = Release|Any CPU
		{74EDEB2E-0689-4A35-BFA9-F0822FF1F421}.Release|x86.Build.0 = Release|Any CPU
		{B7CED318-7A7D-4322-BD20-935FC1BBF07B}.Debug|Any CPU.ActiveCfg = Debug|Any CPU
		{B7CED318-7A7D-4322-BD20-935FC1BBF07B}.Debug|Any CPU.Build.0 = Debug|Any CPU
		{B7CED318-7A7D-4322-BD20-935FC1BBF07B}.Debug|x64.ActiveCfg = Debug|Any CPU
		{B7CED318-7A7D-4322-BD20-935FC1BBF07B}.Debug|x64.Build.0 = Debug|Any CPU
		{B7CED318-7A7D-4322-BD20-935FC1BBF07B}.Debug|x86.ActiveCfg = Debug|Any CPU
		{B7CED318-7A7D-4322-BD20-935FC1BBF07B}.Debug|x86.Build.0 = Debug|Any CPU
		{B7CED318-7A7D-4322-BD20-935FC1BBF07B}.Release|Any CPU.ActiveCfg = Release|Any CPU
		{B7CED318-7A7D-4322-BD20-935FC1BBF07B}.Release|Any CPU.Build.0 = Release|Any CPU
		{B7CED318-7A7D-4322-BD20-935FC1BBF07B}.Release|x64.ActiveCfg = Release|Any CPU
		{B7CED318-7A7D-4322-BD20-935FC1BBF07B}.Release|x64.Build.0 = Release|Any CPU
		{B7CED318-7A7D-4322-BD20-935FC1BBF07B}.Release|x86.ActiveCfg = Release|Any CPU
		{B7CED318-7A7D-4322-BD20-935FC1BBF07B}.Release|x86.Build.0 = Release|Any CPU
		{41289779-7425-4F69-9E6C-2292C8472BB6}.Debug|Any CPU.ActiveCfg = Debug|Any CPU
		{41289779-7425-4F69-9E6C-2292C8472BB6}.Debug|Any CPU.Build.0 = Debug|Any CPU
		{41289779-7425-4F69-9E6C-2292C8472BB6}.Debug|x64.ActiveCfg = Debug|Any CPU
		{41289779-7425-4F69-9E6C-2292C8472BB6}.Debug|x64.Build.0 = Debug|Any CPU
		{41289779-7425-4F69-9E6C-2292C8472BB6}.Debug|x86.ActiveCfg = Debug|Any CPU
		{41289779-7425-4F69-9E6C-2292C8472BB6}.Debug|x86.Build.0 = Debug|Any CPU
		{41289779-7425-4F69-9E6C-2292C8472BB6}.Release|Any CPU.ActiveCfg = Release|Any CPU
		{41289779-7425-4F69-9E6C-2292C8472BB6}.Release|Any CPU.Build.0 = Release|Any CPU
		{41289779-7425-4F69-9E6C-2292C8472BB6}.Release|x64.ActiveCfg = Release|Any CPU
		{41289779-7425-4F69-9E6C-2292C8472BB6}.Release|x64.Build.0 = Release|Any CPU
		{41289779-7425-4F69-9E6C-2292C8472BB6}.Release|x86.ActiveCfg = Release|Any CPU
		{41289779-7425-4F69-9E6C-2292C8472BB6}.Release|x86.Build.0 = Release|Any CPU
		{E4B175F1-59C8-4ED6-A317-E924643FD925}.Debug|Any CPU.ActiveCfg = Debug|Any CPU
		{E4B175F1-59C8-4ED6-A317-E924643FD925}.Debug|Any CPU.Build.0 = Debug|Any CPU
		{E4B175F1-59C8-4ED6-A317-E924643FD925}.Debug|x64.ActiveCfg = Debug|Any CPU
		{E4B175F1-59C8-4ED6-A317-E924643FD925}.Debug|x64.Build.0 = Debug|Any CPU
		{E4B175F1-59C8-4ED6-A317-E924643FD925}.Debug|x86.ActiveCfg = Debug|Any CPU
		{E4B175F1-59C8-4ED6-A317-E924643FD925}.Debug|x86.Build.0 = Debug|Any CPU
		{E4B175F1-59C8-4ED6-A317-E924643FD925}.Release|Any CPU.ActiveCfg = Release|Any CPU
		{E4B175F1-59C8-4ED6-A317-E924643FD925}.Release|Any CPU.Build.0 = Release|Any CPU
		{E4B175F1-59C8-4ED6-A317-E924643FD925}.Release|x64.ActiveCfg = Release|Any CPU
		{E4B175F1-59C8-4ED6-A317-E924643FD925}.Release|x64.Build.0 = Release|Any CPU
		{E4B175F1-59C8-4ED6-A317-E924643FD925}.Release|x86.ActiveCfg = Release|Any CPU
		{E4B175F1-59C8-4ED6-A317-E924643FD925}.Release|x86.Build.0 = Release|Any CPU
		{91BF3914-D831-4EC1-8892-1C0165240FA4}.Debug|Any CPU.ActiveCfg = Debug|Any CPU
		{91BF3914-D831-4EC1-8892-1C0165240FA4}.Debug|Any CPU.Build.0 = Debug|Any CPU
		{91BF3914-D831-4EC1-8892-1C0165240FA4}.Debug|x64.ActiveCfg = Debug|Any CPU
		{91BF3914-D831-4EC1-8892-1C0165240FA4}.Debug|x64.Build.0 = Debug|Any CPU
		{91BF3914-D831-4EC1-8892-1C0165240FA4}.Debug|x86.ActiveCfg = Debug|Any CPU
		{91BF3914-D831-4EC1-8892-1C0165240FA4}.Debug|x86.Build.0 = Debug|Any CPU
		{91BF3914-D831-4EC1-8892-1C0165240FA4}.Release|Any CPU.ActiveCfg = Release|Any CPU
		{91BF3914-D831-4EC1-8892-1C0165240FA4}.Release|Any CPU.Build.0 = Release|Any CPU
		{91BF3914-D831-4EC1-8892-1C0165240FA4}.Release|x64.ActiveCfg = Release|Any CPU
		{91BF3914-D831-4EC1-8892-1C0165240FA4}.Release|x64.Build.0 = Release|Any CPU
		{91BF3914-D831-4EC1-8892-1C0165240FA4}.Release|x86.ActiveCfg = Release|Any CPU
		{91BF3914-D831-4EC1-8892-1C0165240FA4}.Release|x86.Build.0 = Release|Any CPU
		{D95CBDEF-F3AE-497F-8986-E7FCCEF12A1C}.Debug|Any CPU.ActiveCfg = Debug|Any CPU
		{D95CBDEF-F3AE-497F-8986-E7FCCEF12A1C}.Debug|Any CPU.Build.0 = Debug|Any CPU
		{D95CBDEF-F3AE-497F-8986-E7FCCEF12A1C}.Debug|x64.ActiveCfg = Debug|Any CPU
		{D95CBDEF-F3AE-497F-8986-E7FCCEF12A1C}.Debug|x64.Build.0 = Debug|Any CPU
		{D95CBDEF-F3AE-497F-8986-E7FCCEF12A1C}.Debug|x86.ActiveCfg = Debug|Any CPU
		{D95CBDEF-F3AE-497F-8986-E7FCCEF12A1C}.Debug|x86.Build.0 = Debug|Any CPU
		{D95CBDEF-F3AE-497F-8986-E7FCCEF12A1C}.Release|Any CPU.ActiveCfg = Release|Any CPU
		{D95CBDEF-F3AE-497F-8986-E7FCCEF12A1C}.Release|Any CPU.Build.0 = Release|Any CPU
		{D95CBDEF-F3AE-497F-8986-E7FCCEF12A1C}.Release|x64.ActiveCfg = Release|Any CPU
		{D95CBDEF-F3AE-497F-8986-E7FCCEF12A1C}.Release|x64.Build.0 = Release|Any CPU
		{D95CBDEF-F3AE-497F-8986-E7FCCEF12A1C}.Release|x86.ActiveCfg = Release|Any CPU
		{D95CBDEF-F3AE-497F-8986-E7FCCEF12A1C}.Release|x86.Build.0 = Release|Any CPU
		{83CA3C70-C0D0-4B1F-8705-5B9E456E3E25}.Debug|Any CPU.ActiveCfg = Debug|Any CPU
		{83CA3C70-C0D0-4B1F-8705-5B9E456E3E25}.Debug|Any CPU.Build.0 = Debug|Any CPU
		{83CA3C70-C0D0-4B1F-8705-5B9E456E3E25}.Debug|x64.ActiveCfg = Debug|Any CPU
		{83CA3C70-C0D0-4B1F-8705-5B9E456E3E25}.Debug|x64.Build.0 = Debug|Any CPU
		{83CA3C70-C0D0-4B1F-8705-5B9E456E3E25}.Debug|x86.ActiveCfg = Debug|Any CPU
		{83CA3C70-C0D0-4B1F-8705-5B9E456E3E25}.Debug|x86.Build.0 = Debug|Any CPU
		{83CA3C70-C0D0-4B1F-8705-5B9E456E3E25}.Release|Any CPU.ActiveCfg = Release|Any CPU
		{83CA3C70-C0D0-4B1F-8705-5B9E456E3E25}.Release|Any CPU.Build.0 = Release|Any CPU
		{83CA3C70-C0D0-4B1F-8705-5B9E456E3E25}.Release|x64.ActiveCfg = Release|Any CPU
		{83CA3C70-C0D0-4B1F-8705-5B9E456E3E25}.Release|x64.Build.0 = Release|Any CPU
		{83CA3C70-C0D0-4B1F-8705-5B9E456E3E25}.Release|x86.ActiveCfg = Release|Any CPU
		{83CA3C70-C0D0-4B1F-8705-5B9E456E3E25}.Release|x86.Build.0 = Release|Any CPU
		{3A1C997C-6BDF-41B4-8D65-422AD4794182}.Debug|Any CPU.ActiveCfg = Debug|Any CPU
		{3A1C997C-6BDF-41B4-8D65-422AD4794182}.Debug|Any CPU.Build.0 = Debug|Any CPU
		{3A1C997C-6BDF-41B4-8D65-422AD4794182}.Debug|x64.ActiveCfg = Debug|Any CPU
		{3A1C997C-6BDF-41B4-8D65-422AD4794182}.Debug|x64.Build.0 = Debug|Any CPU
		{3A1C997C-6BDF-41B4-8D65-422AD4794182}.Debug|x86.ActiveCfg = Debug|Any CPU
		{3A1C997C-6BDF-41B4-8D65-422AD4794182}.Debug|x86.Build.0 = Debug|Any CPU
		{3A1C997C-6BDF-41B4-8D65-422AD4794182}.Release|Any CPU.ActiveCfg = Release|Any CPU
		{3A1C997C-6BDF-41B4-8D65-422AD4794182}.Release|Any CPU.Build.0 = Release|Any CPU
		{3A1C997C-6BDF-41B4-8D65-422AD4794182}.Release|x64.ActiveCfg = Release|Any CPU
		{3A1C997C-6BDF-41B4-8D65-422AD4794182}.Release|x64.Build.0 = Release|Any CPU
		{3A1C997C-6BDF-41B4-8D65-422AD4794182}.Release|x86.ActiveCfg = Release|Any CPU
		{3A1C997C-6BDF-41B4-8D65-422AD4794182}.Release|x86.Build.0 = Release|Any CPU
		{3693342D-A269-4CF0-84B3-E9C77A4EB1E7}.Debug|Any CPU.ActiveCfg = Debug|Any CPU
		{3693342D-A269-4CF0-84B3-E9C77A4EB1E7}.Debug|Any CPU.Build.0 = Debug|Any CPU
		{3693342D-A269-4CF0-84B3-E9C77A4EB1E7}.Debug|x64.ActiveCfg = Debug|Any CPU
		{3693342D-A269-4CF0-84B3-E9C77A4EB1E7}.Debug|x64.Build.0 = Debug|Any CPU
		{3693342D-A269-4CF0-84B3-E9C77A4EB1E7}.Debug|x86.ActiveCfg = Debug|Any CPU
		{3693342D-A269-4CF0-84B3-E9C77A4EB1E7}.Debug|x86.Build.0 = Debug|Any CPU
		{3693342D-A269-4CF0-84B3-E9C77A4EB1E7}.Release|Any CPU.ActiveCfg = Release|Any CPU
		{3693342D-A269-4CF0-84B3-E9C77A4EB1E7}.Release|Any CPU.Build.0 = Release|Any CPU
		{3693342D-A269-4CF0-84B3-E9C77A4EB1E7}.Release|x64.ActiveCfg = Release|Any CPU
		{3693342D-A269-4CF0-84B3-E9C77A4EB1E7}.Release|x64.Build.0 = Release|Any CPU
		{3693342D-A269-4CF0-84B3-E9C77A4EB1E7}.Release|x86.ActiveCfg = Release|Any CPU
		{3693342D-A269-4CF0-84B3-E9C77A4EB1E7}.Release|x86.Build.0 = Release|Any CPU
		{B1F060D0-3DA7-44AA-97B2-D3F5675CDD5F}.Debug|Any CPU.ActiveCfg = Debug|Any CPU
		{B1F060D0-3DA7-44AA-97B2-D3F5675CDD5F}.Debug|Any CPU.Build.0 = Debug|Any CPU
		{B1F060D0-3DA7-44AA-97B2-D3F5675CDD5F}.Debug|x64.ActiveCfg = Debug|Any CPU
		{B1F060D0-3DA7-44AA-97B2-D3F5675CDD5F}.Debug|x64.Build.0 = Debug|Any CPU
		{B1F060D0-3DA7-44AA-97B2-D3F5675CDD5F}.Debug|x86.ActiveCfg = Debug|Any CPU
		{B1F060D0-3DA7-44AA-97B2-D3F5675CDD5F}.Debug|x86.Build.0 = Debug|Any CPU
		{B1F060D0-3DA7-44AA-97B2-D3F5675CDD5F}.Release|Any CPU.ActiveCfg = Release|Any CPU
		{B1F060D0-3DA7-44AA-97B2-D3F5675CDD5F}.Release|Any CPU.Build.0 = Release|Any CPU
		{B1F060D0-3DA7-44AA-97B2-D3F5675CDD5F}.Release|x64.ActiveCfg = Release|Any CPU
		{B1F060D0-3DA7-44AA-97B2-D3F5675CDD5F}.Release|x64.Build.0 = Release|Any CPU
		{B1F060D0-3DA7-44AA-97B2-D3F5675CDD5F}.Release|x86.ActiveCfg = Release|Any CPU
		{B1F060D0-3DA7-44AA-97B2-D3F5675CDD5F}.Release|x86.Build.0 = Release|Any CPU
		{9C6C28E3-39CD-4A60-8582-6A3B65E96D14}.Debug|Any CPU.ActiveCfg = Debug|Any CPU
		{9C6C28E3-39CD-4A60-8582-6A3B65E96D14}.Debug|Any CPU.Build.0 = Debug|Any CPU
		{9C6C28E3-39CD-4A60-8582-6A3B65E96D14}.Debug|x64.ActiveCfg = Debug|Any CPU
		{9C6C28E3-39CD-4A60-8582-6A3B65E96D14}.Debug|x64.Build.0 = Debug|Any CPU
		{9C6C28E3-39CD-4A60-8582-6A3B65E96D14}.Debug|x86.ActiveCfg = Debug|Any CPU
		{9C6C28E3-39CD-4A60-8582-6A3B65E96D14}.Debug|x86.Build.0 = Debug|Any CPU
		{9C6C28E3-39CD-4A60-8582-6A3B65E96D14}.Release|Any CPU.ActiveCfg = Release|Any CPU
		{9C6C28E3-39CD-4A60-8582-6A3B65E96D14}.Release|Any CPU.Build.0 = Release|Any CPU
		{9C6C28E3-39CD-4A60-8582-6A3B65E96D14}.Release|x64.ActiveCfg = Release|Any CPU
		{9C6C28E3-39CD-4A60-8582-6A3B65E96D14}.Release|x64.Build.0 = Release|Any CPU
		{9C6C28E3-39CD-4A60-8582-6A3B65E96D14}.Release|x86.ActiveCfg = Release|Any CPU
		{9C6C28E3-39CD-4A60-8582-6A3B65E96D14}.Release|x86.Build.0 = Release|Any CPU
		{B7B4BA2D-6327-424E-9A8B-A1B19CA5F500}.Debug|Any CPU.ActiveCfg = Debug|Any CPU
		{B7B4BA2D-6327-424E-9A8B-A1B19CA5F500}.Debug|Any CPU.Build.0 = Debug|Any CPU
		{B7B4BA2D-6327-424E-9A8B-A1B19CA5F500}.Debug|x64.ActiveCfg = Debug|Any CPU
		{B7B4BA2D-6327-424E-9A8B-A1B19CA5F500}.Debug|x64.Build.0 = Debug|Any CPU
		{B7B4BA2D-6327-424E-9A8B-A1B19CA5F500}.Debug|x86.ActiveCfg = Debug|Any CPU
		{B7B4BA2D-6327-424E-9A8B-A1B19CA5F500}.Debug|x86.Build.0 = Debug|Any CPU
		{B7B4BA2D-6327-424E-9A8B-A1B19CA5F500}.Release|Any CPU.ActiveCfg = Release|Any CPU
		{B7B4BA2D-6327-424E-9A8B-A1B19CA5F500}.Release|Any CPU.Build.0 = Release|Any CPU
		{B7B4BA2D-6327-424E-9A8B-A1B19CA5F500}.Release|x64.ActiveCfg = Release|Any CPU
		{B7B4BA2D-6327-424E-9A8B-A1B19CA5F500}.Release|x64.Build.0 = Release|Any CPU
		{B7B4BA2D-6327-424E-9A8B-A1B19CA5F500}.Release|x86.ActiveCfg = Release|Any CPU
		{B7B4BA2D-6327-424E-9A8B-A1B19CA5F500}.Release|x86.Build.0 = Release|Any CPU
		{C4C251C0-276A-4D8D-B16B-6CC7B108D858}.Debug|Any CPU.ActiveCfg = Debug|Any CPU
		{C4C251C0-276A-4D8D-B16B-6CC7B108D858}.Debug|Any CPU.Build.0 = Debug|Any CPU
		{C4C251C0-276A-4D8D-B16B-6CC7B108D858}.Debug|x64.ActiveCfg = Debug|Any CPU
		{C4C251C0-276A-4D8D-B16B-6CC7B108D858}.Debug|x64.Build.0 = Debug|Any CPU
		{C4C251C0-276A-4D8D-B16B-6CC7B108D858}.Debug|x86.ActiveCfg = Debug|Any CPU
		{C4C251C0-276A-4D8D-B16B-6CC7B108D858}.Debug|x86.Build.0 = Debug|Any CPU
		{C4C251C0-276A-4D8D-B16B-6CC7B108D858}.Release|Any CPU.ActiveCfg = Release|Any CPU
		{C4C251C0-276A-4D8D-B16B-6CC7B108D858}.Release|Any CPU.Build.0 = Release|Any CPU
		{C4C251C0-276A-4D8D-B16B-6CC7B108D858}.Release|x64.ActiveCfg = Release|Any CPU
		{C4C251C0-276A-4D8D-B16B-6CC7B108D858}.Release|x64.Build.0 = Release|Any CPU
		{C4C251C0-276A-4D8D-B16B-6CC7B108D858}.Release|x86.ActiveCfg = Release|Any CPU
		{C4C251C0-276A-4D8D-B16B-6CC7B108D858}.Release|x86.Build.0 = Release|Any CPU
		{C40661D2-82EC-4911-96D9-516888CF2A57}.Debug|Any CPU.ActiveCfg = Debug|Any CPU
		{C40661D2-82EC-4911-96D9-516888CF2A57}.Debug|Any CPU.Build.0 = Debug|Any CPU
		{C40661D2-82EC-4911-96D9-516888CF2A57}.Debug|x64.ActiveCfg = Debug|Any CPU
		{C40661D2-82EC-4911-96D9-516888CF2A57}.Debug|x64.Build.0 = Debug|Any CPU
		{C40661D2-82EC-4911-96D9-516888CF2A57}.Debug|x86.ActiveCfg = Debug|Any CPU
		{C40661D2-82EC-4911-96D9-516888CF2A57}.Debug|x86.Build.0 = Debug|Any CPU
		{C40661D2-82EC-4911-96D9-516888CF2A57}.Release|Any CPU.ActiveCfg = Release|Any CPU
		{C40661D2-82EC-4911-96D9-516888CF2A57}.Release|Any CPU.Build.0 = Release|Any CPU
		{C40661D2-82EC-4911-96D9-516888CF2A57}.Release|x64.ActiveCfg = Release|Any CPU
		{C40661D2-82EC-4911-96D9-516888CF2A57}.Release|x64.Build.0 = Release|Any CPU
		{C40661D2-82EC-4911-96D9-516888CF2A57}.Release|x86.ActiveCfg = Release|Any CPU
		{C40661D2-82EC-4911-96D9-516888CF2A57}.Release|x86.Build.0 = Release|Any CPU
		{81EE8610-42AA-4690-BFDD-A2E3D2F297A8}.Debug|Any CPU.ActiveCfg = Debug|Any CPU
		{81EE8610-42AA-4690-BFDD-A2E3D2F297A8}.Debug|Any CPU.Build.0 = Debug|Any CPU
		{81EE8610-42AA-4690-BFDD-A2E3D2F297A8}.Debug|x64.ActiveCfg = Debug|Any CPU
		{81EE8610-42AA-4690-BFDD-A2E3D2F297A8}.Debug|x64.Build.0 = Debug|Any CPU
		{81EE8610-42AA-4690-BFDD-A2E3D2F297A8}.Debug|x86.ActiveCfg = Debug|Any CPU
		{81EE8610-42AA-4690-BFDD-A2E3D2F297A8}.Debug|x86.Build.0 = Debug|Any CPU
		{81EE8610-42AA-4690-BFDD-A2E3D2F297A8}.Release|Any CPU.ActiveCfg = Release|Any CPU
		{81EE8610-42AA-4690-BFDD-A2E3D2F297A8}.Release|Any CPU.Build.0 = Release|Any CPU
		{81EE8610-42AA-4690-BFDD-A2E3D2F297A8}.Release|x64.ActiveCfg = Release|Any CPU
		{81EE8610-42AA-4690-BFDD-A2E3D2F297A8}.Release|x64.Build.0 = Release|Any CPU
		{81EE8610-42AA-4690-BFDD-A2E3D2F297A8}.Release|x86.ActiveCfg = Release|Any CPU
		{81EE8610-42AA-4690-BFDD-A2E3D2F297A8}.Release|x86.Build.0 = Release|Any CPU
		{B9E1CF4D-1C7B-4F03-8D6A-43DC34BE00C8}.Debug|Any CPU.ActiveCfg = Debug|Any CPU
		{B9E1CF4D-1C7B-4F03-8D6A-43DC34BE00C8}.Debug|Any CPU.Build.0 = Debug|Any CPU
		{B9E1CF4D-1C7B-4F03-8D6A-43DC34BE00C8}.Debug|x64.ActiveCfg = Debug|Any CPU
		{B9E1CF4D-1C7B-4F03-8D6A-43DC34BE00C8}.Debug|x64.Build.0 = Debug|Any CPU
		{B9E1CF4D-1C7B-4F03-8D6A-43DC34BE00C8}.Debug|x86.ActiveCfg = Debug|Any CPU
		{B9E1CF4D-1C7B-4F03-8D6A-43DC34BE00C8}.Debug|x86.Build.0 = Debug|Any CPU
		{B9E1CF4D-1C7B-4F03-8D6A-43DC34BE00C8}.Release|Any CPU.ActiveCfg = Release|Any CPU
		{B9E1CF4D-1C7B-4F03-8D6A-43DC34BE00C8}.Release|Any CPU.Build.0 = Release|Any CPU
		{B9E1CF4D-1C7B-4F03-8D6A-43DC34BE00C8}.Release|x64.ActiveCfg = Release|Any CPU
		{B9E1CF4D-1C7B-4F03-8D6A-43DC34BE00C8}.Release|x64.Build.0 = Release|Any CPU
		{B9E1CF4D-1C7B-4F03-8D6A-43DC34BE00C8}.Release|x86.ActiveCfg = Release|Any CPU
		{B9E1CF4D-1C7B-4F03-8D6A-43DC34BE00C8}.Release|x86.Build.0 = Release|Any CPU
	EndGlobalSection
	GlobalSection(SolutionProperties) = preSolution
		HideSolutionNode = FALSE
	EndGlobalSection
	GlobalSection(NestedProjects) = preSolution
		{0A5F4EEF-D01F-43F8-B44C-F3157E156413} = {C0AF6589-3B4C-481D-982C-C8B6D87C125C}
		{41289779-7425-4F69-9E6C-2292C8472BB6} = {C0AF6589-3B4C-481D-982C-C8B6D87C125C}
		{2F63A6C0-063B-41C2-BAA0-107EB223D84F} = {C0AF6589-3B4C-481D-982C-C8B6D87C125C}
		{E4B175F1-59C8-4ED6-A317-E924643FD925} = {2F63A6C0-063B-41C2-BAA0-107EB223D84F}
		{91BF3914-D831-4EC1-8892-1C0165240FA4} = {C0AF6589-3B4C-481D-982C-C8B6D87C125C}
		{D95CBDEF-F3AE-497F-8986-E7FCCEF12A1C} = {C0AF6589-3B4C-481D-982C-C8B6D87C125C}
		{83CA3C70-C0D0-4B1F-8705-5B9E456E3E25} = {C0AF6589-3B4C-481D-982C-C8B6D87C125C}
		{3A1C997C-6BDF-41B4-8D65-422AD4794182} = {C0AF6589-3B4C-481D-982C-C8B6D87C125C}
		{3693342D-A269-4CF0-84B3-E9C77A4EB1E7} = {C0AF6589-3B4C-481D-982C-C8B6D87C125C}
		{B1F060D0-3DA7-44AA-97B2-D3F5675CDD5F} = {C0AF6589-3B4C-481D-982C-C8B6D87C125C}
		{B7B4BA2D-6327-424E-9A8B-A1B19CA5F500} = {C0AF6589-3B4C-481D-982C-C8B6D87C125C}
		{C4C251C0-276A-4D8D-B16B-6CC7B108D858} = {C0AF6589-3B4C-481D-982C-C8B6D87C125C}
		{C40661D2-82EC-4911-96D9-516888CF2A57} = {C0AF6589-3B4C-481D-982C-C8B6D87C125C}
		{81EE8610-42AA-4690-BFDD-A2E3D2F297A8} = {C0AF6589-3B4C-481D-982C-C8B6D87C125C}
		{B9E1CF4D-1C7B-4F03-8D6A-43DC34BE00C8} = {C0AF6589-3B4C-481D-982C-C8B6D87C125C}
	EndGlobalSection
	GlobalSection(ExtensibilityGlobals) = postSolution
		SolutionGuid = {ECCD9A15-E800-433D-AC4B-3F8944659ADC}
	EndGlobalSection
EndGlobal
